
Microsoft Visual Studio Solution File, Format Version 9.00
# Visual Studio 2005
Project("{8BC9CEB8-8B4A-11D0-8D11-00A0C91BC942}") = "Sample", "Sample\Sample.vcproj", "{07531B6A-580B-41C4-98EB-83DED5B8F735}"
EndProject
Global
	GlobalSection(SolutionConfigurationPlatforms) = preSolution
		Debug|Win32 = Debug|Win32
		Release|Win32 = Release|Win32
	EndGlobalSection
	GlobalSection(ProjectConfigurationPlatforms) = postSolution
		{07531B6A-580B-41C4-98EB-83DED5B8F735}.Debug|Win32.ActiveCfg = Debug|Win32
		{07531B6A-580B-41C4-98EB-83DED5B8F735}.Debug|Win32.Build.0 = Debug|Win32
		{07531B6A-580B-41C4-98EB-83DED5B8F735}.Release|Win32.ActiveCfg = Release|Win32
		{07531B6A-580B-41C4-98EB-83DED5B8F735}.Release|Win32.Build.0 = Release|Win32
	EndGlobalSection
	GlobalSection(SolutionProperties) = preSolution
		HideSolutionNode = FALSE
	EndGlobalSection
EndGlobal
